
Microsoft Visual Studio Solution File, Format Version 12.00
# Visual Studio Version 16
VisualStudioVersion = 16.0.31313.79
MinimumVisualStudioVersion = 10.0.40219.1
Project("{FAE04EC0-301F-11D3-BF4B-00C04F79EFBC}") = "StorageFacility.Android", "StorageFacility\StorageFacility.Android\StorageFacility.Android.csproj", "{B8647848-5410-410B-98D2-8E6CA05E4BFC}"
EndProject
Project("{FAE04EC0-301F-11D3-BF4B-00C04F79EFBC}") = "StorageFacility", "StorageFacility\StorageFacility\StorageFacility.csproj", "{230D37D0-1BB5-4DDE-A878-558B5EAC2782}"
EndProject
Global
	GlobalSection(SolutionConfigurationPlatforms) = preSolution
		Debug|Any CPU = Debug|Any CPU
		Release|Any CPU = Release|Any CPU
	EndGlobalSection
	GlobalSection(ProjectConfigurationPlatforms) = postSolution
		{B8647848-5410-410B-98D2-8E6CA05E4BFC}.Debug|Any CPU.ActiveCfg = Debug|Any CPU
		{B8647848-5410-410B-98D2-8E6CA05E4BFC}.Debug|Any CPU.Build.0 = Debug|Any CPU
		{B8647848-5410-410B-98D2-8E6CA05E4BFC}.Debug|Any CPU.Deploy.0 = Debug|Any CPU
		{B8647848-5410-410B-98D2-8E6CA05E4BFC}.Release|Any CPU.ActiveCfg = Release|Any CPU
		{B8647848-5410-410B-98D2-8E6CA05E4BFC}.Release|Any CPU.Build.0 = Release|Any CPU
		{B8647848-5410-410B-98D2-8E6CA05E4BFC}.Release|Any CPU.Deploy.0 = Release|Any CPU
		{230D37D0-1BB5-4DDE-A878-558B5EAC2782}.Debug|Any CPU.ActiveCfg = Debug|Any CPU
		{230D37D0-1BB5-4DDE-A878-558B5EAC2782}.Debug|Any CPU.Build.0 = Debug|Any CPU
		{230D37D0-1BB5-4DDE-A878-558B5EAC2782}.Release|Any CPU.ActiveCfg = Release|Any CPU
		{230D37D0-1BB5-4DDE-A878-558B5EAC2782}.Release|Any CPU.Build.0 = Release|Any CPU
	EndGlobalSection
	GlobalSection(SolutionProperties) = preSolution
		HideSolutionNode = FALSE
	EndGlobalSection
	GlobalSection(ExtensibilityGlobals) = postSolution
		SolutionGuid = {DA7E11EA-827B-4F6E-AD86-278ECFEA72C6}
	EndGlobalSection
EndGlobal
